{
  "originHash" : "8d024ac8341fa904bae46c7ae1cf5e120defc5000f67fdbf85db0a6623703bfc",
  "pins" : [
    {
      "identity" : "webrtc",
      "kind" : "remoteSourceControl",
      "location" : "https://github.com/stasel/WebRTC",
      "state" : {
        "revision" : "e15b6945119ac4702b2ff6f770823341e1366ec8",
        "version" : "135.0.0"
      }
    }
  ],
  "version" : 3
}
